# THIS IS AN AUTOGENERATED FILE. DO NOT EDIT THIS FILE DIRECTLY.
# yarn lockfile v1


"@kaliber/math@^1.1.2":
  version "1.1.2"
  resolved "https://registry.yarnpkg.com/@kaliber/math/-/math-1.1.2.tgz#775e4a1fc561f2c766e36389a12a408dec14e2bf"
  integrity sha512-rv+aGYIpinEwLZ0PCSAVp1inp+dVb5K25rXmh3NPz9kRRQ8ZvdvqOZ8nzn6BemdVA8T+3FOPuKyR6yrvP/MINQ==
