# THIS IS AN AUTOGENERATED FILE. DO NOT EDIT THIS FILE DIRECTLY.
# yarn lockfile v1


"@kaliber/math@^1.1.3":
  version "1.1.3"
  resolved "https://registry.yarnpkg.com/@kaliber/math/-/math-1.1.3.tgz#356901c6d4815ee3fd2237fe9d1ed3255cd87fec"
  integrity sha512-S9aaj9OlbVc6pErwbfX7W6TMsk76zxIJEFJn216Pn/QvtVx5xqCBwlkLFZTJbYlGE8km/0iBpuwsQTBj2nutVg==
